
Microsoft Visual Studio Solution File, Format Version 12.00
Project("{FAE04EC0-301F-11D3-BF4B-00C04F79EFBC}") = "FolderReplicator", "FolderReplicator\FolderReplicator.csproj", "{B8ED4B1F-DB06-47B0-B35C-C7733B17E4B2}"
EndProject
Global
	GlobalSection(SolutionConfigurationPlatforms) = preSolution
		Debug|Any CPU = Debug|Any CPU
		Release|Any CPU = Release|Any CPU
	EndGlobalSection
	GlobalSection(ProjectConfigurationPlatforms) = postSolution
		{B8ED4B1F-DB06-47B0-B35C-C7733B17E4B2}.Debug|Any CPU.ActiveCfg = Debug|Any CPU
		{B8ED4B1F-DB06-47B0-B35C-C7733B17E4B2}.Debug|Any CPU.Build.0 = Debug|Any CPU
		{B8ED4B1F-DB06-47B0-B35C-C7733B17E4B2}.Release|Any CPU.ActiveCfg = Release|Any CPU
		{B8ED4B1F-DB06-47B0-B35C-C7733B17E4B2}.Release|Any CPU.Build.0 = Release|Any CPU
	EndGlobalSection
EndGlobal
